{
  "version": "5",
  "remote": {
    "https://edge.netlify.com/": "fd941d61d88673d5f28aab283fb86fcc50f08a3bc80ee5470498fcfa88c65cfb",
    "https://edge.netlify.com/bootstrap/config.ts": "6a2ce0e544e15e8f8883a5c18da5948e37fd0f2619f68cb31f3af53c51817025",
    "https://edge.netlify.com/bootstrap/context.ts": "72496497b40d9e808f419efc764ecb438952a32f61ed94cd54952fc59f17f69d",
    "https://edge.netlify.com/bootstrap/cookie.ts": "8b0baae708989ca183c6f3b4ab3d029e6abcbc2e43f93edeb0ff447b3bbc3a05",
    "https://edge.netlify.com/bootstrap/edge_function.ts": "b8253e86aa83c67341f5cfedeba5049d77fbf84dcab7eceff7566b7728ae9b39",
    "https://edge.netlify.com/bootstrap/globals/types.ts": "eaa6148ded3121d8dee62dd91c86e7fe76601df0f3ca8d7962243a30f4c8935f"
  },
  "workspace": {
    "packageJson": {
      "dependencies": [
        "npm:@aparajita/capacitor-biometric-auth@^9.1.2",
        "npm:@babel/plugin-transform-react-jsx@^7.27.1",
        "npm:@capacitor-community/file-opener@^7.0.1",
        "npm:@capacitor-community/privacy-screen@6",
        "npm:@capacitor/android@^7.4.3",
        "npm:@capacitor/app@^7.0.1",
        "npm:@capacitor/assets@^3.0.5",
        "npm:@capacitor/cli@^7.4.2",
        "npm:@capacitor/core@^7.4.2",
        "npm:@capacitor/filesystem@^7.1.4",
        "npm:@capacitor/haptics@^7.0.2",
        "npm:@capacitor/preferences@^7.0.2",
        "npm:@capacitor/push-notifications@^7.0.3",
        "npm:@capacitor/splash-screen@^7.0.1",
        "npm:@capacitor/status-bar@^7.0.3",
        "npm:@dnd-kit/core@^6.3.1",
        "npm:@dnd-kit/sortable@10",
        "npm:@dnd-kit/utilities@^3.2.2",
        "npm:@headlessui/react@^2.2.9",
        "npm:@headlessui/tailwindcss@~0.2.2",
        "npm:@heroicons/react@^2.2.0",
        "npm:@huggingface/inference@^4.13.2",
        "npm:@ionic/react@^8.7.9",
        "npm:@netlify/blobs@^10.0.10",
        "npm:@react-three/drei@^9.122.0",
        "npm:@react-three/fiber@^8.18.0",
        "npm:@readyplayerme/react-avatar-creator@0.5",
        "npm:@tabler/icons-react@^3.35.0",
        "npm:@tailwindcss/forms@~0.5.10",
        "npm:@tailwindcss/line-clamp@~0.4.2",
        "npm:@tailwindcss/typography@~0.5.19",
        "npm:@tremor/react@^3.18.7",
        "npm:@tsparticles/engine@^3.9.1",
        "npm:@tsparticles/react@3",
        "npm:@tsparticles/slim@^3.9.1",
        "npm:@types/katex@~0.16.7",
        "npm:@vitejs/plugin-react@^4.3.1",
        "npm:autoprefixer@^10.4.21",
        "npm:axios@^1.10.0",
        "npm:baseline-browser-mapping@^2.8.30",
        "npm:browser-image-compression@^2.0.2",
        "npm:browserify-sign@4.2.2",
        "npm:browserify-zlib@0.2",
        "npm:buffer@^6.0.3",
        "npm:chart.js@^4.5.0",
        "npm:crypto-browserify@3.12.1",
        "npm:date-fns@^4.1.0",
        "npm:docx@^9.5.1",
        "npm:dompurify@^3.3.0",
        "npm:dotenv@^17.2.3",
        "npm:file-saver@^2.0.5",
        "npm:firebase-admin@^13.5.0",
        "npm:firebase@^9.23.0",
        "npm:framer-motion@^12.23.24",
        "npm:googleapis@^164.1.0",
        "npm:html-to-docx-ts@^1.5.2",
        "npm:html-to-image@^1.11.13",
        "npm:html-to-pdfmake@^2.5.31",
        "npm:html2canvas@^1.4.1",
        "npm:https-browserify@1",
        "npm:jspdf-autotable@^5.0.2",
        "npm:jspdf@^3.0.2",
        "npm:katex@~0.16.22",
        "npm:localforage@^1.10.0",
        "npm:lottie-react@^2.4.1",
        "npm:lucide-react@0.395",
        "npm:mammoth@^1.10.0",
        "npm:marked@^16.3.0",
        "npm:mermaid@^10.9.3",
        "npm:node-fetch@^3.3.2",
        "npm:os-browserify@0.3",
        "npm:path-browserify@^1.0.1",
        "npm:pdfjs-dist@^5.4.149",
        "npm:pdfmake@~0.2.20",
        "npm:pkg-dir@8",
        "npm:postcss@^8.5.6",
        "npm:process@~0.11.10",
        "npm:react-beautiful-dnd@^13.1.1",
        "npm:react-chartjs-2@^5.3.0",
        "npm:react-confetti@^6.4.0",
        "npm:react-datepicker@^8.8.0",
        "npm:react-day-picker@^9.8.0",
        "npm:react-dom@18.3.1",
        "npm:react-hot-toast@^2.6.0",
        "npm:react-icons@^5.5.0",
        "npm:react-linkify@^1.0.0-alpha",
        "npm:react-markdown@^9.1.0",
        "npm:react-quill@2",
        "npm:react-router-dom@^6.30.1",
        "npm:react-transition-group@^4.4.5",
        "npm:react@18.3.1",
        "npm:readable-stream@4.7.0",
        "npm:rehype-katex@^7.0.1",
        "npm:rehype-raw@7",
        "npm:remark-breaks@4",
        "npm:remark-gfm@^4.0.1",
        "npm:remark-math@6",
        "npm:sharp@~0.34.4",
        "npm:sheetjs-style@~0.15.8",
        "npm:stream-browserify@3",
        "npm:stream-http@^3.2.0",
        "npm:tabler-icons-react@^1.56.0",
        "npm:tailwind-scrollbar@^3.1.0",
        "npm:tailwindcss@^3.4.17",
        "npm:three@0.181",
        "npm:use-sound@5",
        "npm:util@~0.12.5",
        "npm:uuid@^11.1.0",
        "npm:vite-plugin-node-polyfills@0.24",
        "npm:vite@^5.3.1",
        "npm:webpack@^5.101.3",
        "npm:workbox-cacheable-response@^7.3.0",
        "npm:workbox-core@^7.3.0",
        "npm:workbox-expiration@^7.3.0",
        "npm:workbox-precaching@^7.3.0",
        "npm:workbox-routing@^7.3.0",
        "npm:workbox-strategies@^7.3.0",
        "npm:xlsx-js-style@^1.2.0",
        "npm:xlsx@~0.18.5"
      ]
    }
  }
}
